
Microsoft Visual Studio Solution File, Format Version 12.00
# Visual Studio Version 17
VisualStudioVersion = 17.11.35312.102
MinimumVisualStudioVersion = 10.0.40219.1
Project("{F2A71F9B-5D33-465A-A702-920D77279786}") = "FirstFSharp", "FirstFSharp.fsproj", "{BF67BD12-4856-4B72-9C10-EC7C43AE0A34}"
EndProject
Global
	GlobalSection(SolutionConfigurationPlatforms) = preSolution
		Debug|Any CPU = Debug|Any CPU
		Release|Any CPU = Release|Any CPU
	EndGlobalSection
	GlobalSection(ProjectConfigurationPlatforms) = postSolution
		{BF67BD12-4856-4B72-9C10-EC7C43AE0A34}.Debug|Any CPU.ActiveCfg = Debug|Any CPU
		{BF67BD12-4856-4B72-9C10-EC7C43AE0A34}.Debug|Any CPU.Build.0 = Debug|Any CPU
		{BF67BD12-4856-4B72-9C10-EC7C43AE0A34}.Release|Any CPU.ActiveCfg = Release|Any CPU
		{BF67BD12-4856-4B72-9C10-EC7C43AE0A34}.Release|Any CPU.Build.0 = Release|Any CPU
	EndGlobalSection
	GlobalSection(SolutionProperties) = preSolution
		HideSolutionNode = FALSE
	EndGlobalSection
	GlobalSection(ExtensibilityGlobals) = postSolution
		SolutionGuid = {B97992BB-2114-4D19-9ECB-943A24469779}
	EndGlobalSection
EndGlobal
